
Microsoft Visual Studio Solution File, Format Version 12.00
# Visual Studio Version 16
VisualStudioVersion = 16.0.31613.86
MinimumVisualStudioVersion = 10.0.40219.1
Project("{FAE04EC0-301F-11D3-BF4B-00C04F79EFBC}") = "APA1", "APA1\APA1.csproj", "{8C9A0A83-2FC4-4864-B83D-6D2323EA689A}"
EndProject
Global
	GlobalSection(SolutionConfigurationPlatforms) = preSolution
		Debug|Any CPU = Debug|Any CPU
		Release|Any CPU = Release|Any CPU
	EndGlobalSection
	GlobalSection(ProjectConfigurationPlatforms) = postSolution
		{8C9A0A83-2FC4-4864-B83D-6D2323EA689A}.Debug|Any CPU.ActiveCfg = Debug|Any CPU
		{8C9A0A83-2FC4-4864-B83D-6D2323EA689A}.Debug|Any CPU.Build.0 = Debug|Any CPU
		{8C9A0A83-2FC4-4864-B83D-6D2323EA689A}.Release|Any CPU.ActiveCfg = Release|Any CPU
		{8C9A0A83-2FC4-4864-B83D-6D2323EA689A}.Release|Any CPU.Build.0 = Release|Any CPU
	EndGlobalSection
	GlobalSection(SolutionProperties) = preSolution
		HideSolutionNode = FALSE
	EndGlobalSection
	GlobalSection(ExtensibilityGlobals) = postSolution
		SolutionGuid = {2DA15D74-9F8F-490B-B930-C8A353114A94}
	EndGlobalSection
EndGlobal
